
Microsoft Visual Studio Solution File, Format Version 12.00
# Visual Studio Version 17
VisualStudioVersion = 17.0.31903.59
MinimumVisualStudioVersion = 10.0.40219.1
Project("{FAE04EC0-301F-11D3-BF4B-00C04F79EFBC}") = "DryCut.Domain", "src\DryCut.Domain\DryCut.Domain.csproj", "{11111111-1111-4111-8111-111111111111}"
EndProject
Project("{FAE04EC0-301F-11D3-BF4B-00C04F79EFBC}") = "DryCut.Application", "src\DryCut.Application\DryCut.Application.csproj", "{22222222-2222-4222-8222-222222222222}"
EndProject
Project("{FAE04EC0-301F-11D3-BF4B-00C04F79EFBC}") = "DryCut.Infrastructure", "src\DryCut.Infrastructure\DryCut.Infrastructure.csproj", "{55555555-5555-4555-8555-555555555555}"
EndProject
Project("{60DC8134-9B46-4B2D-8CDC-4B64C7A9C8D0}") = "DryCut.Desktop", "src\DryCut.Desktop\DryCut.Desktop.csproj", "{66666666-6666-4666-8666-666666666666}"
EndProject
Project("{FAE04EC0-301F-11D3-BF4B-00C04F79EFBC}") = "DryCut.Domain.Tests", "tests\DryCut.Domain.Tests\DryCut.Domain.Tests.csproj", "{33333333-3333-4333-8333-333333333333}"
EndProject
Project("{FAE04EC0-301F-11D3-BF4B-00C04F79EFBC}") = "DryCut.Application.Tests", "tests\DryCut.Application.Tests\DryCut.Application.Tests.csproj", "{44444444-4444-4444-8444-444444444444}"
EndProject
Project("{2150E333-8FDC-42A3-9474-1A3956D46DE8}") = "tests", "tests", "{C8E82D23-9FCA-43C4-A3B9-8883A5DAE5FD}"
EndProject
Project("{FAE04EC0-301F-11D3-BF4B-00C04F79EFBC}") = "DryCut.Desktop.Tests", "tests\DryCut.Desktop.Tests\DryCut.Desktop.Tests.csproj", "{9D892E0E-5913-4540-8ECA-A7FFB43C5037}"
EndProject
Project("{FAE04EC0-301F-11D3-BF4B-00C04F79EFBC}") = "DryCut.Infrastructure.Tests", "tests\DryCut.Infrastructure.Tests\DryCut.Infrastructure.Tests.csproj", "{7DD40130-57A5-425F-B407-BE96AD7257F0}"
EndProject
Global
	GlobalSection(SolutionConfigurationPlatforms) = preSolution
		Debug|Any CPU = Debug|Any CPU
		Release|Any CPU = Release|Any CPU
	EndGlobalSection
	GlobalSection(ProjectConfigurationPlatforms) = postSolution
		{11111111-1111-4111-8111-111111111111}.Debug|Any CPU.ActiveCfg = Debug|Any CPU
		{11111111-1111-4111-8111-111111111111}.Debug|Any CPU.Build.0 = Debug|Any CPU
		{11111111-1111-4111-8111-111111111111}.Release|Any CPU.ActiveCfg = Release|Any CPU
		{11111111-1111-4111-8111-111111111111}.Release|Any CPU.Build.0 = Release|Any CPU
		{22222222-2222-4222-8222-222222222222}.Debug|Any CPU.ActiveCfg = Debug|Any CPU
		{22222222-2222-4222-8222-222222222222}.Debug|Any CPU.Build.0 = Debug|Any CPU
		{22222222-2222-4222-8222-222222222222}.Release|Any CPU.ActiveCfg = Release|Any CPU
		{22222222-2222-4222-8222-222222222222}.Release|Any CPU.Build.0 = Release|Any CPU
		{55555555-5555-4555-8555-555555555555}.Debug|Any CPU.ActiveCfg = Debug|Any CPU
		{55555555-5555-4555-8555-555555555555}.Debug|Any CPU.Build.0 = Debug|Any CPU
		{55555555-5555-4555-8555-555555555555}.Release|Any CPU.ActiveCfg = Release|Any CPU
		{55555555-5555-4555-8555-555555555555}.Release|Any CPU.Build.0 = Release|Any CPU
		{66666666-6666-4666-8666-666666666666}.Debug|Any CPU.ActiveCfg = Debug|Any CPU
		{66666666-6666-4666-8666-666666666666}.Debug|Any CPU.Build.0 = Debug|Any CPU
		{66666666-6666-4666-8666-666666666666}.Release|Any CPU.ActiveCfg = Release|Any CPU
		{66666666-6666-4666-8666-666666666666}.Release|Any CPU.Build.0 = Release|Any CPU
		{33333333-3333-4333-8333-333333333333}.Debug|Any CPU.ActiveCfg = Debug|Any CPU
		{33333333-3333-4333-8333-333333333333}.Debug|Any CPU.Build.0 = Debug|Any CPU
		{33333333-3333-4333-8333-333333333333}.Release|Any CPU.ActiveCfg = Release|Any CPU
		{33333333-3333-4333-8333-333333333333}.Release|Any CPU.Build.0 = Release|Any CPU
		{44444444-4444-4444-8444-444444444444}.Debug|Any CPU.ActiveCfg = Debug|Any CPU
		{44444444-4444-4444-8444-444444444444}.Debug|Any CPU.Build.0 = Debug|Any CPU
		{44444444-4444-4444-8444-444444444444}.Release|Any CPU.ActiveCfg = Release|Any CPU
		{44444444-4444-4444-8444-444444444444}.Release|Any CPU.Build.0 = Release|Any CPU
		{9D892E0E-5913-4540-8ECA-A7FFB43C5037}.Debug|Any CPU.ActiveCfg = Debug|Any CPU
		{9D892E0E-5913-4540-8ECA-A7FFB43C5037}.Debug|Any CPU.Build.0 = Debug|Any CPU
		{9D892E0E-5913-4540-8ECA-A7FFB43C5037}.Release|Any CPU.ActiveCfg = Release|Any CPU
		{9D892E0E-5913-4540-8ECA-A7FFB43C5037}.Release|Any CPU.Build.0 = Release|Any CPU
		{7DD40130-57A5-425F-B407-BE96AD7257F0}.Debug|Any CPU.ActiveCfg = Debug|Any CPU
		{7DD40130-57A5-425F-B407-BE96AD7257F0}.Debug|Any CPU.Build.0 = Debug|Any CPU
		{7DD40130-57A5-425F-B407-BE96AD7257F0}.Release|Any CPU.ActiveCfg = Release|Any CPU
		{7DD40130-57A5-425F-B407-BE96AD7257F0}.Release|Any CPU.Build.0 = Release|Any CPU
	EndGlobalSection
	GlobalSection(NestedProjects) = preSolution
		{9D892E0E-5913-4540-8ECA-A7FFB43C5037} = {C8E82D23-9FCA-43C4-A3B9-8883A5DAE5FD}
		{7DD40130-57A5-425F-B407-BE96AD7257F0} = {C8E82D23-9FCA-43C4-A3B9-8883A5DAE5FD}
	EndGlobalSection
EndGlobal
